// !$*UTF8*$!
{
	archiveVersion = 1;
	classes = {
	};
	objectVersion = 46;
	objects = {

/* Begin PBXBuildFile section */
		260B3086157CCC7B000397D0 /* UIKit.framework in Frameworks */ = {isa = PBXBuildFile; fileRef = 260B3085157CCC7B000397D0 /* UIKit.framework */; };
		260B3088157CCC7B000397D0 /* Foundation.framework in Frameworks */ = {isa = PBXBuildFile; fileRef = 260B3087157CCC7B000397D0 /* Foundation.framework */; };
		260B308A157CCC7B000397D0 /* CoreGraphics.framework in Frameworks */ = {isa = PBXBuildFile; fileRef = 260B3089157CCC7B000397D0 /* CoreGraphics.framework */; };
		260B3090157CCC7B000397D0 /* InfoPlist.strings in Resources */ = {isa = PBXBuildFile; fileRef = 260B308E157CCC7B000397D0 /* InfoPlist.strings */; };
		260B3092157CCC7B000397D0 /* main.m in Sources */ = {isa = PBXBuildFile; fileRef = 260B3091157CCC7B000397D0 /* main.m */; };
		260B3096157CCC7B000397D0 /* AppDelegate.m in Sources */ = {isa = PBXBuildFile; fileRef = 260B3095157CCC7B000397D0 /* AppDelegate.m */; };
/* End PBXBuildFile section */

/* Begin PBXFileReference section */
		260B3081157CCC7B000397D0 /* TweetTestDrive.app */ = {isa = PBXFileReference; explicitFileType = wrapper.application; includeInIndex = 0; path = TweetTestDrive.app; sourceTree = BUILT_PRODUCTS_DIR; };
		260B3085157CCC7B000397D0 /* UIKit.framework */ = {isa = PBXFileReference; lastKnownFileType = wrapper.framework; name = UIKit.framework; path = System/Library/Frameworks/UIKit.framework; sourceTree = SDKROOT; };
		260B3087157CCC7B000397D0 /* Foundation.framework */ = {isa = PBXFileReference; lastKnownFileType = wrapper.framework; name = Foundation.framework; path = System/Library/Frameworks/Foundation.framework; sourceTree = SDKROOT; };
		260B3089157CCC7B000397D0 /* CoreGraphics.framework */ = {isa = PBXFileReference; lastKnownFileType = wrapper.framework; name = CoreGraphics.framework; path = System/Library/Frameworks/CoreGraphics.framework; sourceTree = SDKROOT; };
		260B308D157CCC7B000397D0 /* TweetTestDrive-Info.plist */ = {isa = PBXFileReference; lastKnownFileType = text.plist.xml; path = "TweetTestDrive-Info.plist"; sourceTree = "<group>"; };
		260B308F157CCC7B000397D0 /* en */ = {isa = PBXFileReference; lastKnownFileType = text.plist.strings; name = en; path = en.lproj/InfoPlist.strings; sourceTree = "<group>"; };
		260B3091157CCC7B000397D0 /* main.m */ = {isa = PBXFileReference; lastKnownFileType = sourcecode.c.objc; path = main.m; sourceTree = "<group>"; };
		260B3093157CCC7B000397D0 /* TweetTestDrive-Prefix.pch */ = {isa = PBXFileReference; lastKnownFileType = sourcecode.c.h; path = "TweetTestDrive-Prefix.pch"; sourceTree = "<group>"; };
		260B3094157CCC7B000397D0 /* AppDelegate.h */ = {isa = PBXFileReference; lastKnownFileType = sourcecode.c.h; path = AppDelegate.h; sourceTree = "<group>"; };
		260B3095157CCC7B000397D0 /* AppDelegate.m */ = {isa = PBXFileReference; lastKnownFileType = sourcecode.c.objc; path = AppDelegate.m; sourceTree = "<group>"; };
/* End PBXFileReference section */

/* Begin PBXFrameworksBuildPhase section */
		260B307E157CCC7B000397D0 /* Frameworks */ = {
			isa = PBXFrameworksBuildPhase;
			buildActionMask = 2147483647;
			files = (
				260B3086157CCC7B000397D0 /* UIKit.framework in Frameworks */,
				260B3088157CCC7B000397D0 /* Foundation.framework in Frameworks */,
				260B308A157CCC7B000397D0 /* CoreGraphics.framework in Frameworks */,
			);
			runOnlyForDeploymentPostprocessing = 0;
		};
/* End PBXFrameworksBuildPhase section */

/* Begin PBXGroup section */
		260B3076157CCC7B000397D0 = {
			isa = PBXGroup;
			children = (
				260B308B157CCC7B000397D0 /* TweetTestDrive */,
				260B3084157CCC7B000397D0 /* Frameworks */,
				260B3082157CCC7B000397D0 /* Products */,
			);
			sourceTree = "<group>";
		};
		260B3082157CCC7B000397D0 /* Products */ = {
			isa = PBXGroup;
			children = (
				260B3081157CCC7B000397D0 /* TweetTestDrive.app */,
			);
			name = Products;
			sourceTree = "<group>";
		};
		260B3084157CCC7B000397D0 /* Frameworks */ = {
			isa = PBXGroup;
			children = (
				260B3085157CCC7B000397D0 /* UIKit.framework */,
				260B3087157CCC7B000397D0 /* Foundation.framework */,
				260B3089157CCC7B000397D0 /* CoreGraphics.framework */,
			);
			name = Frameworks;
			sourceTree = "<group>";
		};
		260B308B157CCC7B000397D0 /* TweetTestDrive */ = {
			isa = PBXGroup;
			children = (
				260B3094157CCC7B000397D0 /* AppDelegate.h */,
				260B3095157CCC7B000397D0 /* AppDelegate.m */,
				260B308C157CCC7B000397D0 /* Supporting Files */,
			);
			path = TweetTestDrive;
			sourceTree = "<group>";
		};
		260B308C157CCC7B000397D0 /* Supporting Files */ = {
			isa = PBXGroup;
			children = (
				260B308D157CCC7B000397D0 /* TweetTestDrive-Info.plist */,
				260B308E157CCC7B000397D0 /* InfoPlist.strings */,
				260B3091157CCC7B000397D0 /* main.m */,
				260B3093157CCC7B000397D0 /* TweetTestDrive-Prefix.pch */,
			);
			name = "Supporting Files";
			sourceTree = "<group>";
		};
/* End PBXGroup section */

/* Begin PBXNativeTarget section */
		260B3080157CCC7B000397D0 /* TweetTestDrive */ = {
			isa = PBXNativeTarget;
			buildConfigurationList = 260B3099157CCC7B000397D0 /* Build configuration list for PBXNativeTarget "TweetTestDrive" */;
			buildPhases = (
				260B307D157CCC7B000397D0 /* Sources */,
				260B307E157CCC7B000397D0 /* Frameworks */,
				260B307F157CCC7B000397D0 /* Resources */,
			);
			buildRules = (
			);
			dependencies = (
			);
			name = TweetTestDrive;
			productName = TweetTestDrive;
			productReference = 260B3081157CCC7B000397D0 /* TweetTestDrive.app */;
			productType = "com.apple.product-type.application";
		};
/* End PBXNativeTarget section */

/* Begin PBXProject section */
		260B3078157CCC7B000397D0 /* Project object */ = {
			isa = PBXProject;
			attributes = {
				LastUpgradeCheck = 0430;
			};
			buildConfigurationList = 260B307B157CCC7B000397D0 /* Build configuration list for PBXProject "TweetTestDrive" */;
			compatibilityVersion = "Xcode 3.2";
			developmentRegion = English;
			hasScannedForEncodings = 0;
			knownRegions = (
				en,
			);
			mainGroup = 260B3076157CCC7B000397D0;
			productRefGroup = 260B3082157CCC7B000397D0 /* Products */;
			projectDirPath = "";
			projectRoot = "";
			targets = (
				260B3080157CCC7B000397D0 /* TweetTestDrive */,
			);
		};
/* End PBXProject section */

/* Begin PBXResourcesBuildPhase section */
		260B307F157CCC7B000397D0 /* Resources */ = {
			isa = PBXResourcesBuildPhase;
			buildActionMask = 2147483647;
			files = (
				260B3090157CCC7B000397D0 /* InfoPlist.strings in Resources */,
			);
			runOnlyForDeploymentPostprocessing = 0;
		};
/* End PBXResourcesBuildPhase section */

/* Begin PBXSourcesBuildPhase section */
		260B307D157CCC7B000397D0 /* Sources */ = {
			isa = PBXSourcesBuildPhase;
			buildActionMask = 2147483647;
			files = (
				260B3092157CCC7B000397D0 /* main.m in Sources */,
				260B3096157CCC7B000397D0 /* AppDelegate.m in Sources */,
			);
			runOnlyForDeploymentPostprocessing = 0;
		};
/* End PBXSourcesBuildPhase section */

/* Begin PBXVariantGroup section */
		260B308E157CCC7B000397D0 /* InfoPlist.strings */ = {
			isa = PBXVariantGroup;
			children = (
				260B308F157CCC7B000397D0 /* en */,
			);
			name = InfoPlist.strings;
			sourceTree = "<group>";
		};
/* End PBXVariantGroup section */

/* Begin XCBuildConfiguration section */
		260B3097157CCC7B000397D0 /* Debug */ = {
			isa = XCBuildConfiguration;
			buildSettings = {
				ALWAYS_SEARCH_USER_PATHS = NO;
				ARCHS = "$(ARCHS_STANDARD_32_BIT)";
				CLANG_ENABLE_OBJC_ARC = YES;
				"CODE_SIGN_IDENTITY[sdk=iphoneos*]" = "iPhone Developer";
				COPY_PHASE_STRIP = NO;
				GCC_C_LANGUAGE_STANDARD = gnu99;
				GCC_DYNAMIC_NO_PIC = NO;
				GCC_OPTIMIZATION_LEVEL = 0;
				GCC_PREPROCESSOR_DEFINITIONS = (
					"DEBUG=1",
					"$(inherited)",
				);
				GCC_SYMBOLS_PRIVATE_EXTERN = NO;
				GCC_VERSION = com.apple.compilers.llvm.clang.1_0;
				GCC_WARN_ABOUT_RETURN_TYPE = YES;
				GCC_WARN_UNINITIALIZED_AUTOS = YES;
				GCC_WARN_UNUSED_VARIABLE = YES;
				IPHONEOS_DEPLOYMENT_TARGET = 5.1;
				SDKROOT = iphoneos;
			};
			name = Debug;
		};
		260B3098157CCC7B000397D0 /* Release */ = {
			isa = XCBuildConfiguration;
			buildSettings = {
				ALWAYS_SEARCH_USER_PATHS = NO;
				ARCHS = "$(ARCHS_STANDARD_32_BIT)";
				CLANG_ENABLE_OBJC_ARC = YES;
				"CODE_SIGN_IDENTITY[sdk=iphoneos*]" = "iPhone Developer";
				COPY_PHASE_STRIP = YES;
				GCC_C_LANGUAGE_STANDARD = gnu99;
				GCC_VERSION = com.apple.compilers.llvm.clang.1_0;
				GCC_WARN_ABOUT_RETURN_TYPE = YES;
				GCC_WARN_UNINITIALIZED_AUTOS = YES;
				GCC_WARN_UNUSED_VARIABLE = YES;
				IPHONEOS_DEPLOYMENT_TARGET = 5.1;
				OTHER_CFLAGS = "-DNS_BLOCK_ASSERTIONS=1";
				SDKROOT = iphoneos;
				VALIDATE_PRODUCT = YES;
			};
			name = Release;
		};
		260B309A157CCC7B000397D0 /* Debug */ = {
			isa = XCBuildConfiguration;
			buildSettings = {
				GCC_PRECOMPILE_PREFIX_HEADER = YES;
				GCC_PREFIX_HEADER = "TweetTestDrive/TweetTestDrive-Prefix.pch";
				INFOPLIST_FILE = "TweetTestDrive/TweetTestDrive-Info.plist";
				PRODUCT_NAME = "$(TARGET_NAME)";
				WRAPPER_EXTENSION = app;
			};
			name = Debug;
		};
		260B309B157CCC7B000397D0 /* Release */ = {
			isa = XCBuildConfiguration;
			buildSettings = {
				GCC_PRECOMPILE_PREFIX_HEADER = YES;
				GCC_PREFIX_HEADER = "TweetTestDrive/TweetTestDrive-Prefix.pch";
				INFOPLIST_FILE = "TweetTestDrive/TweetTestDrive-Info.plist";
				PRODUCT_NAME = "$(TARGET_NAME)";
				WRAPPER_EXTENSION = app;
			};
			name = Release;
		};
/* End XCBuildConfiguration section */

/* Begin XCConfigurationList section */
		260B307B157CCC7B000397D0 /* Build configuration list for PBXProject "TweetTestDrive" */ = {
			isa = XCConfigurationList;
			buildConfigurations = (
				260B3097157CCC7B000397D0 /* Debug */,
				260B3098157CCC7B000397D0 /* Release */,
			);
			defaultConfigurationIsVisible = 0;
			defaultConfigurationName = Release;
		};
		260B3099157CCC7B000397D0 /* Build configuration list for PBXNativeTarget "TweetTestDrive" */ = {
			isa = XCConfigurationList;
			buildConfigurations = (
				260B309A157CCC7B000397D0 /* Debug */,
				260B309B157CCC7B000397D0 /* Release */,
			);
			defaultConfigurationIsVisible = 0;
		};
/* End XCConfigurationList section */
	};
	rootObject = 260B3078157CCC7B000397D0 /* Project object */;
}
